
Microsoft Visual Studio Solution File, Format Version 12.00
# Visual Studio 2012
Project("{8BC9CEB8-8B4A-11D0-8D11-00A0C91BC942}") = "Analyzator", "Analyzator\Analyzator.vcxproj", "{E2C61429-22B4-4F39-B7B0-41FCB80CEB9D}"
EndProject
Global
	GlobalSection(SolutionConfigurationPlatforms) = preSolution
		Debug|Win32 = Debug|Win32
		Release|Win32 = Release|Win32
	EndGlobalSection
	GlobalSection(ProjectConfigurationPlatforms) = postSolution
		{E2C61429-22B4-4F39-B7B0-41FCB80CEB9D}.Debug|Win32.ActiveCfg = Debug|Win32
		{E2C61429-22B4-4F39-B7B0-41FCB80CEB9D}.Debug|Win32.Build.0 = Debug|Win32
		{E2C61429-22B4-4F39-B7B0-41FCB80CEB9D}.Release|Win32.ActiveCfg = Release|Win32
		{E2C61429-22B4-4F39-B7B0-41FCB80CEB9D}.Release|Win32.Build.0 = Release|Win32
	EndGlobalSection
	GlobalSection(SolutionProperties) = preSolution
		HideSolutionNode = FALSE
	EndGlobalSection
EndGlobal
